
Microsoft Visual Studio Solution File, Format Version 12.00
# Visual Studio Version 17
VisualStudioVersion = 17.0.31717.71
MinimumVisualStudioVersion = 10.0.40219.1
Project("{9A19103F-16F7-4668-BE54-9A1E7A4F7556}") = "Shearlegs.Web.Dashboard", "Shearlegs.Web.Dashboard.csproj", "{05694605-1141-460B-A68E-1508E6067F8E}"
EndProject
Global
	GlobalSection(SolutionConfigurationPlatforms) = preSolution
		Debug|Any CPU = Debug|Any CPU
		Release|Any CPU = Release|Any CPU
	EndGlobalSection
	GlobalSection(ProjectConfigurationPlatforms) = postSolution
		{05694605-1141-460B-A68E-1508E6067F8E}.Debug|Any CPU.ActiveCfg = Debug|Any CPU
		{05694605-1141-460B-A68E-1508E6067F8E}.Debug|Any CPU.Build.0 = Debug|Any CPU
		{05694605-1141-460B-A68E-1508E6067F8E}.Release|Any CPU.ActiveCfg = Release|Any CPU
		{05694605-1141-460B-A68E-1508E6067F8E}.Release|Any CPU.Build.0 = Release|Any CPU
	EndGlobalSection
	GlobalSection(SolutionProperties) = preSolution
		HideSolutionNode = FALSE
	EndGlobalSection
	GlobalSection(ExtensibilityGlobals) = postSolution
		SolutionGuid = {DBD466F6-5CBE-463D-826C-AAEE671750E0}
	EndGlobalSection
EndGlobal