
Microsoft Visual Studio Solution File, Format Version 12.00
# Visual Studio Version 16
VisualStudioVersion = 16.0.31129.286
MinimumVisualStudioVersion = 10.0.40219.1
Project("{2150E333-8FDC-42A3-9474-1A3956D46DE8}") = "framework", "framework", "{653E58CE-E58D-4E57-B83E-D9F51366E2DC}"
EndProject
Project("{9A19103F-16F7-4668-BE54-9A1E7A4F7556}") = "Shearlegs.API", "framework\Shearlegs.API\Shearlegs.API.csproj", "{CCE656C5-F023-4CE0-BEFF-50E160B69D47}"
EndProject
Project("{9A19103F-16F7-4668-BE54-9A1E7A4F7556}") = "Shearlegs.Core", "framework\Shearlegs.Core\Shearlegs.Core.csproj", "{C6AAE7B1-551C-4115-9C15-9202F5A503DF}"
EndProject
Project("{2150E333-8FDC-42A3-9474-1A3956D46DE8}") = "samples", "samples", "{CE8973D8-5A51-4706-B02B-32FA27B1775C}"
EndProject
Project("{2150E333-8FDC-42A3-9474-1A3956D46DE8}") = "tests", "tests", "{AA9FB99A-0B11-4DB2-B5C6-276EDECB1FBD}"
EndProject
Project("{9A19103F-16F7-4668-BE54-9A1E7A4F7556}") = "Shearlegs.Framework.Test", "tests\Shearlegs.Framework.Test\Shearlegs.Framework.Test.csproj", "{0CD6EC1E-D6A5-4094-9109-2A6D57FF18D2}"
EndProject
Project("{9A19103F-16F7-4668-BE54-9A1E7A4F7556}") = "Shearlegs.Runtime", "framework\Shearlegs.Runtime\Shearlegs.Runtime.csproj", "{AA89E00A-1749-4FD9-AA1E-91E8F1B2D31D}"
EndProject
Project("{9A19103F-16F7-4668-BE54-9A1E7A4F7556}") = "Shearlegs.NuGet", "framework\Shearlegs.NuGet\Shearlegs.NuGet.csproj", "{019875C9-72EC-4E98-B257-64A5C20098F1}"
EndProject
Project("{9A19103F-16F7-4668-BE54-9A1E7A4F7556}") = "SamplePlugin", "samples\SamplePlugin\SamplePlugin.csproj", "{2DEA07B5-225D-4C91-B579-270AD51EF6B6}"
EndProject
Project("{9A19103F-16F7-4668-BE54-9A1E7A4F7556}") = "SamplePluginExcel", "samples\SamplePluginExcel\SamplePluginExcel.csproj", "{DC653D89-45C5-4928-BD61-878ECC243B8E}"
EndProject
Project("{2150E333-8FDC-42A3-9474-1A3956D46DE8}") = "web", "web", "{F102BF80-5ABD-4D52-BB37-88682A2EEC0D}"
EndProject
Project("{9A19103F-16F7-4668-BE54-9A1E7A4F7556}") = "Shearlegs.Web", "web\Shearlegs.Web\Shearlegs.Web.csproj", "{73B0522D-CBE3-4FA1-A094-BBBC5A65FC33}"
EndProject
Project("{00D1A9C2-B5F0-4AF3-8072-F6C62B433612}") = "Shearlegs.Database", "web\Shearlegs.Database\Shearlegs.Database.sqlproj", "{6E0DB843-3579-4401-976D-19EA0146A348}"
EndProject
Project("{2150E333-8FDC-42A3-9474-1A3956D46DE8}") = "props", "props", "{0FAA7EA0-B7D6-4E97-9FA4-A3BC6314305F}"
	ProjectSection(SolutionItems) = preProject
		props\FrameworkProject.props = props\FrameworkProject.props
	EndProjectSection
EndProject
Global
	GlobalSection(SolutionConfigurationPlatforms) = preSolution
		Debug|Any CPU = Debug|Any CPU
		Release|Any CPU = Release|Any CPU
	EndGlobalSection
	GlobalSection(ProjectConfigurationPlatforms) = postSolution
		{CCE656C5-F023-4CE0-BEFF-50E160B69D47}.Debug|Any CPU.ActiveCfg = Debug|Any CPU
		{CCE656C5-F023-4CE0-BEFF-50E160B69D47}.Debug|Any CPU.Build.0 = Debug|Any CPU
		{CCE656C5-F023-4CE0-BEFF-50E160B69D47}.Release|Any CPU.ActiveCfg = Release|Any CPU
		{CCE656C5-F023-4CE0-BEFF-50E160B69D47}.Release|Any CPU.Build.0 = Release|Any CPU
		{C6AAE7B1-551C-4115-9C15-9202F5A503DF}.Debug|Any CPU.ActiveCfg = Debug|Any CPU
		{C6AAE7B1-551C-4115-9C15-9202F5A503DF}.Debug|Any CPU.Build.0 = Debug|Any CPU
		{C6AAE7B1-551C-4115-9C15-9202F5A503DF}.Release|Any CPU.ActiveCfg = Release|Any CPU
		{C6AAE7B1-551C-4115-9C15-9202F5A503DF}.Release|Any CPU.Build.0 = Release|Any CPU
		{0CD6EC1E-D6A5-4094-9109-2A6D57FF18D2}.Debug|Any CPU.ActiveCfg = Debug|Any CPU
		{0CD6EC1E-D6A5-4094-9109-2A6D57FF18D2}.Debug|Any CPU.Build.0 = Debug|Any CPU
		{0CD6EC1E-D6A5-4094-9109-2A6D57FF18D2}.Release|Any CPU.ActiveCfg = Release|Any CPU
		{0CD6EC1E-D6A5-4094-9109-2A6D57FF18D2}.Release|Any CPU.Build.0 = Release|Any CPU
		{AA89E00A-1749-4FD9-AA1E-91E8F1B2D31D}.Debug|Any CPU.ActiveCfg = Debug|Any CPU
		{AA89E00A-1749-4FD9-AA1E-91E8F1B2D31D}.Debug|Any CPU.Build.0 = Debug|Any CPU
		{AA89E00A-1749-4FD9-AA1E-91E8F1B2D31D}.Release|Any CPU.ActiveCfg = Release|Any CPU
		{AA89E00A-1749-4FD9-AA1E-91E8F1B2D31D}.Release|Any CPU.Build.0 = Release|Any CPU
		{019875C9-72EC-4E98-B257-64A5C20098F1}.Debug|Any CPU.ActiveCfg = Debug|Any CPU
		{019875C9-72EC-4E98-B257-64A5C20098F1}.Debug|Any CPU.Build.0 = Debug|Any CPU
		{019875C9-72EC-4E98-B257-64A5C20098F1}.Release|Any CPU.ActiveCfg = Release|Any CPU
		{019875C9-72EC-4E98-B257-64A5C20098F1}.Release|Any CPU.Build.0 = Release|Any CPU
		{2DEA07B5-225D-4C91-B579-270AD51EF6B6}.Debug|Any CPU.ActiveCfg = Debug|Any CPU
		{2DEA07B5-225D-4C91-B579-270AD51EF6B6}.Debug|Any CPU.Build.0 = Debug|Any CPU
		{2DEA07B5-225D-4C91-B579-270AD51EF6B6}.Release|Any CPU.ActiveCfg = Release|Any CPU
		{2DEA07B5-225D-4C91-B579-270AD51EF6B6}.Release|Any CPU.Build.0 = Release|Any CPU
		{DC653D89-45C5-4928-BD61-878ECC243B8E}.Debug|Any CPU.ActiveCfg = Debug|Any CPU
		{DC653D89-45C5-4928-BD61-878ECC243B8E}.Debug|Any CPU.Build.0 = Debug|Any CPU
		{DC653D89-45C5-4928-BD61-878ECC243B8E}.Release|Any CPU.ActiveCfg = Release|Any CPU
		{DC653D89-45C5-4928-BD61-878ECC243B8E}.Release|Any CPU.Build.0 = Release|Any CPU
		{73B0522D-CBE3-4FA1-A094-BBBC5A65FC33}.Debug|Any CPU.ActiveCfg = Debug|Any CPU
		{73B0522D-CBE3-4FA1-A094-BBBC5A65FC33}.Debug|Any CPU.Build.0 = Debug|Any CPU
		{73B0522D-CBE3-4FA1-A094-BBBC5A65FC33}.Release|Any CPU.ActiveCfg = Release|Any CPU
		{73B0522D-CBE3-4FA1-A094-BBBC5A65FC33}.Release|Any CPU.Build.0 = Release|Any CPU
		{6E0DB843-3579-4401-976D-19EA0146A348}.Debug|Any CPU.ActiveCfg = Debug|Any CPU
		{6E0DB843-3579-4401-976D-19EA0146A348}.Debug|Any CPU.Build.0 = Debug|Any CPU
		{6E0DB843-3579-4401-976D-19EA0146A348}.Debug|Any CPU.Deploy.0 = Debug|Any CPU
		{6E0DB843-3579-4401-976D-19EA0146A348}.Release|Any CPU.ActiveCfg = Release|Any CPU
		{6E0DB843-3579-4401-976D-19EA0146A348}.Release|Any CPU.Build.0 = Release|Any CPU
		{6E0DB843-3579-4401-976D-19EA0146A348}.Release|Any CPU.Deploy.0 = Release|Any CPU
	EndGlobalSection
	GlobalSection(SolutionProperties) = preSolution
		HideSolutionNode = FALSE
	EndGlobalSection
	GlobalSection(NestedProjects) = preSolution
		{CCE656C5-F023-4CE0-BEFF-50E160B69D47} = {653E58CE-E58D-4E57-B83E-D9F51366E2DC}
		{C6AAE7B1-551C-4115-9C15-9202F5A503DF} = {653E58CE-E58D-4E57-B83E-D9F51366E2DC}
		{0CD6EC1E-D6A5-4094-9109-2A6D57FF18D2} = {AA9FB99A-0B11-4DB2-B5C6-276EDECB1FBD}
		{AA89E00A-1749-4FD9-AA1E-91E8F1B2D31D} = {653E58CE-E58D-4E57-B83E-D9F51366E2DC}
		{019875C9-72EC-4E98-B257-64A5C20098F1} = {653E58CE-E58D-4E57-B83E-D9F51366E2DC}
		{2DEA07B5-225D-4C91-B579-270AD51EF6B6} = {CE8973D8-5A51-4706-B02B-32FA27B1775C}
		{DC653D89-45C5-4928-BD61-878ECC243B8E} = {CE8973D8-5A51-4706-B02B-32FA27B1775C}
		{73B0522D-CBE3-4FA1-A094-BBBC5A65FC33} = {F102BF80-5ABD-4D52-BB37-88682A2EEC0D}
		{6E0DB843-3579-4401-976D-19EA0146A348} = {F102BF80-5ABD-4D52-BB37-88682A2EEC0D}
	EndGlobalSection
	GlobalSection(ExtensibilityGlobals) = postSolution
		SolutionGuid = {5890E640-FD43-4010-A0A7-89172C487104}
	EndGlobalSection
EndGlobal
